// !$*UTF8*$!
{
	archiveVersion = 1;
	classes = {
	};
	objectVersion = 56;
	objects = {

/* Begin PBXBuildFile section */
		F48495DB2AAFED53000AC8DB /* LoginViewController.swift in Sources */ = {isa = PBXBuildFile; fileRef = F48495DA2AAFED53000AC8DB /* LoginViewController.swift */; };
		F48495DD2AAFF2F7000AC8DB /* Observable.swift in Sources */ = {isa = PBXBuildFile; fileRef = F48495DC2AAFF2F7000AC8DB /* Observable.swift */; };
		F48495DF2AAFFDE5000AC8DB /* SampleViewController.swift in Sources */ = {isa = PBXBuildFile; fileRef = F48495DE2AAFFDE5000AC8DB /* SampleViewController.swift */; };
		F48495E12AB00155000AC8DB /* SampleViewModel.swift in Sources */ = {isa = PBXBuildFile; fileRef = F48495E02AB00155000AC8DB /* SampleViewModel.swift */; };
		F48495E32AB00E3E000AC8DB /* LoginViewModel.swift in Sources */ = {isa = PBXBuildFile; fileRef = F48495E22AB00E3E000AC8DB /* LoginViewModel.swift */; };
		F48495E62AB02A4D000AC8DB /* APIService.swift in Sources */ = {isa = PBXBuildFile; fileRef = F48495E52AB02A4D000AC8DB /* APIService.swift */; };
		F48495E82AB02A63000AC8DB /* PhotoCodable.swift in Sources */ = {isa = PBXBuildFile; fileRef = F48495E72AB02A63000AC8DB /* PhotoCodable.swift */; };
		F48495EA2AB02B57000AC8DB /* PhotoViewController.swift in Sources */ = {isa = PBXBuildFile; fileRef = F48495E92AB02B57000AC8DB /* PhotoViewController.swift */; };
		F48495EC2AB02DA0000AC8DB /* PhotoViewModel.swift in Sources */ = {isa = PBXBuildFile; fileRef = F48495EB2AB02DA0000AC8DB /* PhotoViewModel.swift */; };
		F49A84762AB139DE00B89579 /* CacluateViewController.swift in Sources */ = {isa = PBXBuildFile; fileRef = F49A84752AB139DE00B89579 /* CacluateViewController.swift */; };
		F49A84782AB13A9B00B89579 /* CalcViewModel.swift in Sources */ = {isa = PBXBuildFile; fileRef = F49A84772AB13A9B00B89579 /* CalcViewModel.swift */; };
		F49A847A2AB13DA100B89579 /* calcObservable.swift in Sources */ = {isa = PBXBuildFile; fileRef = F49A84792AB13DA100B89579 /* calcObservable.swift */; };
		F49A847E2AB1FA5F00B89579 /* LottoViewController.swift in Sources */ = {isa = PBXBuildFile; fileRef = F49A847D2AB1FA5F00B89579 /* LottoViewController.swift */; };
		F49A84802AB1FC4A00B89579 /* NetworkManager.swift in Sources */ = {isa = PBXBuildFile; fileRef = F49A847F2AB1FC4A00B89579 /* NetworkManager.swift */; };
		F49A84832AB1FC8B00B89579 /* Alamofire in Frameworks */ = {isa = PBXBuildFile; productRef = F49A84822AB1FC8B00B89579 /* Alamofire */; };
		F49A84852AB1FCD300B89579 /* LottoCodable.swift in Sources */ = {isa = PBXBuildFile; fileRef = F49A84842AB1FCD300B89579 /* LottoCodable.swift */; };
		F49A84872AB1FF3200B89579 /* LottoViewModel.swift in Sources */ = {isa = PBXBuildFile; fileRef = F49A84862AB1FF3200B89579 /* LottoViewModel.swift */; };
		F49A84892AB1FF4600B89579 /* LottoObservable.swift in Sources */ = {isa = PBXBuildFile; fileRef = F49A84882AB1FF4600B89579 /* LottoObservable.swift */; };
		F4C058842AAE991D00C3BB7C /* AppDelegate.swift in Sources */ = {isa = PBXBuildFile; fileRef = F4C058832AAE991D00C3BB7C /* AppDelegate.swift */; };
		F4C058862AAE991D00C3BB7C /* SceneDelegate.swift in Sources */ = {isa = PBXBuildFile; fileRef = F4C058852AAE991D00C3BB7C /* SceneDelegate.swift */; };
		F4C058882AAE991D00C3BB7C /* ViewController.swift in Sources */ = {isa = PBXBuildFile; fileRef = F4C058872AAE991D00C3BB7C /* ViewController.swift */; };
		F4C0588B2AAE991D00C3BB7C /* Main.storyboard in Resources */ = {isa = PBXBuildFile; fileRef = F4C058892AAE991D00C3BB7C /* Main.storyboard */; };
		F4C0588D2AAE991D00C3BB7C /* Assets.xcassets in Resources */ = {isa = PBXBuildFile; fileRef = F4C0588C2AAE991D00C3BB7C /* Assets.xcassets */; };
		F4C058902AAE991D00C3BB7C /* LaunchScreen.storyboard in Resources */ = {isa = PBXBuildFile; fileRef = F4C0588E2AAE991D00C3BB7C /* LaunchScreen.storyboard */; };
		F4C058A02AAEAE2300C3BB7C /* Localizable.strings in Resources */ = {isa = PBXBuildFile; fileRef = F4C058A22AAEAE2300C3BB7C /* Localizable.strings */; };
		F4C058A62AAEBAB400C3BB7C /* String+Extension.swift in Sources */ = {isa = PBXBuildFile; fileRef = F4C058A52AAEBAB400C3BB7C /* String+Extension.swift */; };
		F4C058A92AAEBDD100C3BB7C /* InfoPlist.strings in Resources */ = {isa = PBXBuildFile; fileRef = F4C058AB2AAEBDD100C3BB7C /* InfoPlist.strings */; };
/* End PBXBuildFile section */

/* Begin PBXFileReference section */
		F48495DA2AAFED53000AC8DB /* LoginViewController.swift */ = {isa = PBXFileReference; lastKnownFileType = sourcecode.swift; path = LoginViewController.swift; sourceTree = "<group>"; };
		F48495DC2AAFF2F7000AC8DB /* Observable.swift */ = {isa = PBXFileReference; lastKnownFileType = sourcecode.swift; path = Observable.swift; sourceTree = "<group>"; };
		F48495DE2AAFFDE5000AC8DB /* SampleViewController.swift */ = {isa = PBXFileReference; lastKnownFileType = sourcecode.swift; path = SampleViewController.swift; sourceTree = "<group>"; };
		F48495E02AB00155000AC8DB /* SampleViewModel.swift */ = {isa = PBXFileReference; lastKnownFileType = sourcecode.swift; path = SampleViewModel.swift; sourceTree = "<group>"; };
		F48495E22AB00E3E000AC8DB /* LoginViewModel.swift */ = {isa = PBXFileReference; lastKnownFileType = sourcecode.swift; path = LoginViewModel.swift; sourceTree = "<group>"; };
		F48495E52AB02A4D000AC8DB /* APIService.swift */ = {isa = PBXFileReference; lastKnownFileType = sourcecode.swift; path = APIService.swift; sourceTree = "<group>"; };
		F48495E72AB02A63000AC8DB /* PhotoCodable.swift */ = {isa = PBXFileReference; lastKnownFileType = sourcecode.swift; path = PhotoCodable.swift; sourceTree = "<group>"; };
		F48495E92AB02B57000AC8DB /* PhotoViewController.swift */ = {isa = PBXFileReference; lastKnownFileType = sourcecode.swift; path = PhotoViewController.swift; sourceTree = "<group>"; };
		F48495EB2AB02DA0000AC8DB /* PhotoViewModel.swift */ = {isa = PBXFileReference; lastKnownFileType = sourcecode.swift; path = PhotoViewModel.swift; sourceTree = "<group>"; };
		F49A84752AB139DE00B89579 /* CacluateViewController.swift */ = {isa = PBXFileReference; lastKnownFileType = sourcecode.swift; path = CacluateViewController.swift; sourceTree = "<group>"; };
		F49A84772AB13A9B00B89579 /* CalcViewModel.swift */ = {isa = PBXFileReference; lastKnownFileType = sourcecode.swift; path = CalcViewModel.swift; sourceTree = "<group>"; };
		F49A84792AB13DA100B89579 /* calcObservable.swift */ = {isa = PBXFileReference; lastKnownFileType = sourcecode.swift; path = calcObservable.swift; sourceTree = "<group>"; };
		F49A847D2AB1FA5F00B89579 /* LottoViewController.swift */ = {isa = PBXFileReference; lastKnownFileType = sourcecode.swift; path = LottoViewController.swift; sourceTree = "<group>"; };
		F49A847F2AB1FC4A00B89579 /* NetworkManager.swift */ = {isa = PBXFileReference; lastKnownFileType = sourcecode.swift; path = NetworkManager.swift; sourceTree = "<group>"; };
		F49A84842AB1FCD300B89579 /* LottoCodable.swift */ = {isa = PBXFileReference; lastKnownFileType = sourcecode.swift; path = LottoCodable.swift; sourceTree = "<group>"; };
		F49A84862AB1FF3200B89579 /* LottoViewModel.swift */ = {isa = PBXFileReference; lastKnownFileType = sourcecode.swift; path = LottoViewModel.swift; sourceTree = "<group>"; };
		F49A84882AB1FF4600B89579 /* LottoObservable.swift */ = {isa = PBXFileReference; lastKnownFileType = sourcecode.swift; path = LottoObservable.swift; sourceTree = "<group>"; };
		F4C058802AAE991D00C3BB7C /* Unsplash.app */ = {isa = PBXFileReference; explicitFileType = wrapper.application; includeInIndex = 0; path = Unsplash.app; sourceTree = BUILT_PRODUCTS_DIR; };
		F4C058832AAE991D00C3BB7C /* AppDelegate.swift */ = {isa = PBXFileReference; lastKnownFileType = sourcecode.swift; path = AppDelegate.swift; sourceTree = "<group>"; };
		F4C058852AAE991D00C3BB7C /* SceneDelegate.swift */ = {isa = PBXFileReference; lastKnownFileType = sourcecode.swift; path = SceneDelegate.swift; sourceTree = "<group>"; };
		F4C058872AAE991D00C3BB7C /* ViewController.swift */ = {isa = PBXFileReference; lastKnownFileType = sourcecode.swift; path = ViewController.swift; sourceTree = "<group>"; };
		F4C0588A2AAE991D00C3BB7C /* Base */ = {isa = PBXFileReference; lastKnownFileType = file.storyboard; name = Base; path = Base.lproj/Main.storyboard; sourceTree = "<group>"; };
		F4C0588C2AAE991D00C3BB7C /* Assets.xcassets */ = {isa = PBXFileReference; lastKnownFileType = folder.assetcatalog; path = Assets.xcassets; sourceTree = "<group>"; };
		F4C0588F2AAE991D00C3BB7C /* Base */ = {isa = PBXFileReference; lastKnownFileType = file.storyboard; name = Base; path = Base.lproj/LaunchScreen.storyboard; sourceTree = "<group>"; };
		F4C058912AAE991D00C3BB7C /* Info.plist */ = {isa = PBXFileReference; lastKnownFileType = text.plist.xml; path = Info.plist; sourceTree = "<group>"; };
		F4C058972AAE9CB300C3BB7C /* ko */ = {isa = PBXFileReference; lastKnownFileType = text.plist.strings; name = ko; path = ko.lproj/Main.strings; sourceTree = "<group>"; };
		F4C058982AAE9CB300C3BB7C /* ko */ = {isa = PBXFileReference; lastKnownFileType = text.plist.strings; name = ko; path = ko.lproj/LaunchScreen.strings; sourceTree = "<group>"; };
		F4C058992AAE9CBB00C3BB7C /* ja */ = {isa = PBXFileReference; lastKnownFileType = text.plist.strings; name = ja; path = ja.lproj/Main.strings; sourceTree = "<group>"; };
		F4C0589A2AAE9CBB00C3BB7C /* ja */ = {isa = PBXFileReference; lastKnownFileType = text.plist.strings; name = ja; path = ja.lproj/LaunchScreen.strings; sourceTree = "<group>"; };
		F4C0589D2AAE9DBD00C3BB7C /* en */ = {isa = PBXFileReference; lastKnownFileType = text.plist.strings; name = en; path = en.lproj/Main.strings; sourceTree = "<group>"; };
		F4C058A12AAEAE2300C3BB7C /* en */ = {isa = PBXFileReference; lastKnownFileType = text.plist.strings; name = en; path = en.lproj/Localizable.strings; sourceTree = "<group>"; };
		F4C058A32AAEAE3100C3BB7C /* ja */ = {isa = PBXFileReference; lastKnownFileType = text.plist.strings; name = ja; path = ja.lproj/Localizable.strings; sourceTree = "<group>"; };
		F4C058A42AAEAE3200C3BB7C /* ko */ = {isa = PBXFileReference; lastKnownFileType = text.plist.strings; name = ko; path = ko.lproj/Localizable.strings; sourceTree = "<group>"; };
		F4C058A52AAEBAB400C3BB7C /* String+Extension.swift */ = {isa = PBXFileReference; lastKnownFileType = sourcecode.swift; path = "String+Extension.swift"; sourceTree = "<group>"; };
		F4C058AA2AAEBDD100C3BB7C /* en */ = {isa = PBXFileReference; lastKnownFileType = text.plist.strings; name = en; path = en.lproj/InfoPlist.strings; sourceTree = "<group>"; };
		F4C058AC2AAEBDD800C3BB7C /* ja */ = {isa = PBXFileReference; lastKnownFileType = text.plist.strings; name = ja; path = ja.lproj/InfoPlist.strings; sourceTree = "<group>"; };
		F4C058AD2AAEBDD800C3BB7C /* ko */ = {isa = PBXFileReference; lastKnownFileType = text.plist.strings; name = ko; path = ko.lproj/InfoPlist.strings; sourceTree = "<group>"; };
/* End PBXFileReference section */

/* Begin PBXFrameworksBuildPhase section */
		F4C0587D2AAE991D00C3BB7C /* Frameworks */ = {
			isa = PBXFrameworksBuildPhase;
			buildActionMask = 2147483647;
			files = (
				F49A84832AB1FC8B00B89579 /* Alamofire in Frameworks */,
			);
			runOnlyForDeploymentPostprocessing = 0;
		};
/* End PBXFrameworksBuildPhase section */

/* Begin PBXGroup section */
		F48495D92AAFED3B000AC8DB /* Login */ = {
			isa = PBXGroup;
			children = (
				F48495DC2AAFF2F7000AC8DB /* Observable.swift */,
				F48495DA2AAFED53000AC8DB /* LoginViewController.swift */,
				F48495E22AB00E3E000AC8DB /* LoginViewModel.swift */,
				F48495DE2AAFFDE5000AC8DB /* SampleViewController.swift */,
				F48495E02AB00155000AC8DB /* SampleViewModel.swift */,
			);
			path = Login;
			sourceTree = "<group>";
		};
		F48495E42AB02A3D000AC8DB /* Photo */ = {
			isa = PBXGroup;
			children = (
				F48495E52AB02A4D000AC8DB /* APIService.swift */,
				F48495E72AB02A63000AC8DB /* PhotoCodable.swift */,
				F48495E92AB02B57000AC8DB /* PhotoViewController.swift */,
				F48495EB2AB02DA0000AC8DB /* PhotoViewModel.swift */,
			);
			path = Photo;
			sourceTree = "<group>";
		};
		F49A84742AB139B600B89579 /* Calculate */ = {
			isa = PBXGroup;
			children = (
				F49A84752AB139DE00B89579 /* CacluateViewController.swift */,
				F49A84772AB13A9B00B89579 /* CalcViewModel.swift */,
				F49A84792AB13DA100B89579 /* calcObservable.swift */,
			);
			path = Calculate;
			sourceTree = "<group>";
		};
		F49A847B2AB1FA4700B89579 /* Assignment */ = {
			isa = PBXGroup;
			children = (
				F49A847C2AB1FA5300B89579 /* Lotto */,
			);
			path = Assignment;
			sourceTree = "<group>";
		};
		F49A847C2AB1FA5300B89579 /* Lotto */ = {
			isa = PBXGroup;
			children = (
				F49A847D2AB1FA5F00B89579 /* LottoViewController.swift */,
				F49A847F2AB1FC4A00B89579 /* NetworkManager.swift */,
				F49A84842AB1FCD300B89579 /* LottoCodable.swift */,
				F49A84862AB1FF3200B89579 /* LottoViewModel.swift */,
				F49A84882AB1FF4600B89579 /* LottoObservable.swift */,
			);
			path = Lotto;
			sourceTree = "<group>";
		};
		F4C058772AAE991D00C3BB7C = {
			isa = PBXGroup;
			children = (
				F4C058822AAE991D00C3BB7C /* Unsplash */,
				F4C058812AAE991D00C3BB7C /* Products */,
			);
			sourceTree = "<group>";
		};
		F4C058812AAE991D00C3BB7C /* Products */ = {
			isa = PBXGroup;
			children = (
				F4C058802AAE991D00C3BB7C /* Unsplash.app */,
			);
			name = Products;
			sourceTree = "<group>";
		};
		F4C058822AAE991D00C3BB7C /* Unsplash */ = {
			isa = PBXGroup;
			children = (
				F49A847B2AB1FA4700B89579 /* Assignment */,
				F49A84742AB139B600B89579 /* Calculate */,
				F48495E42AB02A3D000AC8DB /* Photo */,
				F48495D92AAFED3B000AC8DB /* Login */,
				F4C058832AAE991D00C3BB7C /* AppDelegate.swift */,
				F4C058852AAE991D00C3BB7C /* SceneDelegate.swift */,
				F4C058872AAE991D00C3BB7C /* ViewController.swift */,
				F4C058A22AAEAE2300C3BB7C /* Localizable.strings */,
				F4C058892AAE991D00C3BB7C /* Main.storyboard */,
				F4C0588C2AAE991D00C3BB7C /* Assets.xcassets */,
				F4C0588E2AAE991D00C3BB7C /* LaunchScreen.storyboard */,
				F4C058912AAE991D00C3BB7C /* Info.plist */,
				F4C058A52AAEBAB400C3BB7C /* String+Extension.swift */,
				F4C058AB2AAEBDD100C3BB7C /* InfoPlist.strings */,
			);
			path = Unsplash;
			sourceTree = "<group>";
		};
/* End PBXGroup section */

/* Begin PBXNativeTarget section */
		F4C0587F2AAE991D00C3BB7C /* Unsplash */ = {
			isa = PBXNativeTarget;
			buildConfigurationList = F4C058942AAE991D00C3BB7C /* Build configuration list for PBXNativeTarget "Unsplash" */;
			buildPhases = (
				F4C0587C2AAE991D00C3BB7C /* Sources */,
				F4C0587D2AAE991D00C3BB7C /* Frameworks */,
				F4C0587E2AAE991D00C3BB7C /* Resources */,
			);
			buildRules = (
			);
			dependencies = (
			);
			name = Unsplash;
			packageProductDependencies = (
				F49A84822AB1FC8B00B89579 /* Alamofire */,
			);
			productName = Unsplash;
			productReference = F4C058802AAE991D00C3BB7C /* Unsplash.app */;
			productType = "com.apple.product-type.application";
		};
/* End PBXNativeTarget section */

/* Begin PBXProject section */
		F4C058782AAE991D00C3BB7C /* Project object */ = {
			isa = PBXProject;
			attributes = {
				BuildIndependentTargetsInParallel = 1;
				LastSwiftUpdateCheck = 1430;
				LastUpgradeCheck = 1430;
				TargetAttributes = {
					F4C0587F2AAE991D00C3BB7C = {
						CreatedOnToolsVersion = 14.3.1;
					};
				};
			};
			buildConfigurationList = F4C0587B2AAE991D00C3BB7C /* Build configuration list for PBXProject "Unsplash" */;
			compatibilityVersion = "Xcode 14.0";
			developmentRegion = en;
			hasScannedForEncodings = 0;
			knownRegions = (
				en,
				Base,
				ko,
				ja,
			);
			mainGroup = F4C058772AAE991D00C3BB7C;
			packageReferences = (
				F49A84812AB1FC8B00B89579 /* XCRemoteSwiftPackageReference "Alamofire" */,
			);
			productRefGroup = F4C058812AAE991D00C3BB7C /* Products */;
			projectDirPath = "";
			projectRoot = "";
			targets = (
				F4C0587F2AAE991D00C3BB7C /* Unsplash */,
			);
		};
/* End PBXProject section */

/* Begin PBXResourcesBuildPhase section */
		F4C0587E2AAE991D00C3BB7C /* Resources */ = {
			isa = PBXResourcesBuildPhase;
			buildActionMask = 2147483647;
			files = (
				F4C058902AAE991D00C3BB7C /* LaunchScreen.storyboard in Resources */,
				F4C058A02AAEAE2300C3BB7C /* Localizable.strings in Resources */,
				F4C0588D2AAE991D00C3BB7C /* Assets.xcassets in Resources */,
				F4C0588B2AAE991D00C3BB7C /* Main.storyboard in Resources */,
				F4C058A92AAEBDD100C3BB7C /* InfoPlist.strings in Resources */,
			);
			runOnlyForDeploymentPostprocessing = 0;
		};
/* End PBXResourcesBuildPhase section */

/* Begin PBXSourcesBuildPhase section */
		F4C0587C2AAE991D00C3BB7C /* Sources */ = {
			isa = PBXSourcesBuildPhase;
			buildActionMask = 2147483647;
			files = (
				F49A84802AB1FC4A00B89579 /* NetworkManager.swift in Sources */,
				F4C058A62AAEBAB400C3BB7C /* String+Extension.swift in Sources */,
				F4C058882AAE991D00C3BB7C /* ViewController.swift in Sources */,
				F49A84762AB139DE00B89579 /* CacluateViewController.swift in Sources */,
				F49A847E2AB1FA5F00B89579 /* LottoViewController.swift in Sources */,
				F49A84872AB1FF3200B89579 /* LottoViewModel.swift in Sources */,
				F4C058842AAE991D00C3BB7C /* AppDelegate.swift in Sources */,
				F48495DB2AAFED53000AC8DB /* LoginViewController.swift in Sources */,
				F48495DD2AAFF2F7000AC8DB /* Observable.swift in Sources */,
				F48495EA2AB02B57000AC8DB /* PhotoViewController.swift in Sources */,
				F49A847A2AB13DA100B89579 /* calcObservable.swift in Sources */,
				F49A84892AB1FF4600B89579 /* LottoObservable.swift in Sources */,
				F48495E82AB02A63000AC8DB /* PhotoCodable.swift in Sources */,
				F49A84852AB1FCD300B89579 /* LottoCodable.swift in Sources */,
				F4C058862AAE991D00C3BB7C /* SceneDelegate.swift in Sources */,
				F48495E62AB02A4D000AC8DB /* APIService.swift in Sources */,
				F48495E12AB00155000AC8DB /* SampleViewModel.swift in Sources */,
				F49A84782AB13A9B00B89579 /* CalcViewModel.swift in Sources */,
				F48495EC2AB02DA0000AC8DB /* PhotoViewModel.swift in Sources */,
				F48495DF2AAFFDE5000AC8DB /* SampleViewController.swift in Sources */,
				F48495E32AB00E3E000AC8DB /* LoginViewModel.swift in Sources */,
			);
			runOnlyForDeploymentPostprocessing = 0;
		};
/* End PBXSourcesBuildPhase section */

/* Begin PBXVariantGroup section */
		F4C058892AAE991D00C3BB7C /* Main.storyboard */ = {
			isa = PBXVariantGroup;
			children = (
				F4C0588A2AAE991D00C3BB7C /* Base */,
				F4C058972AAE9CB300C3BB7C /* ko */,
				F4C058992AAE9CBB00C3BB7C /* ja */,
				F4C0589D2AAE9DBD00C3BB7C /* en */,
			);
			name = Main.storyboard;
			sourceTree = "<group>";
		};
		F4C0588E2AAE991D00C3BB7C /* LaunchScreen.storyboard */ = {
			isa = PBXVariantGroup;
			children = (
				F4C0588F2AAE991D00C3BB7C /* Base */,
				F4C058982AAE9CB300C3BB7C /* ko */,
				F4C0589A2AAE9CBB00C3BB7C /* ja */,
			);
			name = LaunchScreen.storyboard;
			sourceTree = "<group>";
		};
		F4C058A22AAEAE2300C3BB7C /* Localizable.strings */ = {
			isa = PBXVariantGroup;
			children = (
				F4C058A12AAEAE2300C3BB7C /* en */,
				F4C058A32AAEAE3100C3BB7C /* ja */,
				F4C058A42AAEAE3200C3BB7C /* ko */,
			);
			name = Localizable.strings;
			sourceTree = "<group>";
		};
		F4C058AB2AAEBDD100C3BB7C /* InfoPlist.strings */ = {
			isa = PBXVariantGroup;
			children = (
				F4C058AA2AAEBDD100C3BB7C /* en */,
				F4C058AC2AAEBDD800C3BB7C /* ja */,
				F4C058AD2AAEBDD800C3BB7C /* ko */,
			);
			name = InfoPlist.strings;
			sourceTree = "<group>";
		};
/* End PBXVariantGroup section */

/* Begin XCBuildConfiguration section */
		F4C058922AAE991D00C3BB7C /* Debug */ = {
			isa = XCBuildConfiguration;
			buildSettings = {
				ALWAYS_SEARCH_USER_PATHS = NO;
				CLANG_ANALYZER_LOCALIZABILITY_NONLOCALIZED = YES;
				CLANG_ANALYZER_NONNULL = YES;
				CLANG_ANALYZER_NUMBER_OBJECT_CONVERSION = YES_AGGRESSIVE;
				CLANG_CXX_LANGUAGE_STANDARD = "gnu++20";
				CLANG_ENABLE_MODULES = YES;
				CLANG_ENABLE_OBJC_ARC = YES;
				CLANG_ENABLE_OBJC_WEAK = YES;
				CLANG_WARN_BLOCK_CAPTURE_AUTORELEASING = YES;
				CLANG_WARN_BOOL_CONVERSION = YES;
				CLANG_WARN_COMMA = YES;
				CLANG_WARN_CONSTANT_CONVERSION = YES;
				CLANG_WARN_DEPRECATED_OBJC_IMPLEMENTATIONS = YES;
				CLANG_WARN_DIRECT_OBJC_ISA_USAGE = YES_ERROR;
				CLANG_WARN_DOCUMENTATION_COMMENTS = YES;
				CLANG_WARN_EMPTY_BODY = YES;
				CLANG_WARN_ENUM_CONVERSION = YES;
				CLANG_WARN_INFINITE_RECURSION = YES;
				CLANG_WARN_INT_CONVERSION = YES;
				CLANG_WARN_NON_LITERAL_NULL_CONVERSION = YES;
				CLANG_WARN_OBJC_IMPLICIT_RETAIN_SELF = YES;
				CLANG_WARN_OBJC_LITERAL_CONVERSION = YES;
				CLANG_WARN_OBJC_ROOT_CLASS = YES_ERROR;
				CLANG_WARN_QUOTED_INCLUDE_IN_FRAMEWORK_HEADER = YES;
				CLANG_WARN_RANGE_LOOP_ANALYSIS = YES;
				CLANG_WARN_STRICT_PROTOTYPES = YES;
				CLANG_WARN_SUSPICIOUS_MOVE = YES;
				CLANG_WARN_UNGUARDED_AVAILABILITY = YES_AGGRESSIVE;
				CLANG_WARN_UNREACHABLE_CODE = YES;
				CLANG_WARN__DUPLICATE_METHOD_MATCH = YES;
				COPY_PHASE_STRIP = NO;
				DEBUG_INFORMATION_FORMAT = dwarf;
				ENABLE_STRICT_OBJC_MSGSEND = YES;
				ENABLE_TESTABILITY = YES;
				GCC_C_LANGUAGE_STANDARD = gnu11;
				GCC_DYNAMIC_NO_PIC = NO;
				GCC_NO_COMMON_BLOCKS = YES;
				GCC_OPTIMIZATION_LEVEL = 0;
				GCC_PREPROCESSOR_DEFINITIONS = (
					"DEBUG=1",
					"$(inherited)",
				);
				GCC_WARN_64_TO_32_BIT_CONVERSION = YES;
				GCC_WARN_ABOUT_RETURN_TYPE = YES_ERROR;
				GCC_WARN_UNDECLARED_SELECTOR = YES;
				GCC_WARN_UNINITIALIZED_AUTOS = YES_AGGRESSIVE;
				GCC_WARN_UNUSED_FUNCTION = YES;
				GCC_WARN_UNUSED_VARIABLE = YES;
				IPHONEOS_DEPLOYMENT_TARGET = 16.4;
				MTL_ENABLE_DEBUG_INFO = INCLUDE_SOURCE;
				MTL_FAST_MATH = YES;
				ONLY_ACTIVE_ARCH = YES;
				SDKROOT = iphoneos;
				SWIFT_ACTIVE_COMPILATION_CONDITIONS = DEBUG;
				SWIFT_OPTIMIZATION_LEVEL = "-Onone";
			};
			name = Debug;
		};
		F4C058932AAE991D00C3BB7C /* Release */ = {
			isa = XCBuildConfiguration;
			buildSettings = {
				ALWAYS_SEARCH_USER_PATHS = NO;
				CLANG_ANALYZER_LOCALIZABILITY_NONLOCALIZED = YES;
				CLANG_ANALYZER_NONNULL = YES;
				CLANG_ANALYZER_NUMBER_OBJECT_CONVERSION = YES_AGGRESSIVE;
				CLANG_CXX_LANGUAGE_STANDARD = "gnu++20";
				CLANG_ENABLE_MODULES = YES;
				CLANG_ENABLE_OBJC_ARC = YES;
				CLANG_ENABLE_OBJC_WEAK = YES;
				CLANG_WARN_BLOCK_CAPTURE_AUTORELEASING = YES;
				CLANG_WARN_BOOL_CONVERSION = YES;
				CLANG_WARN_COMMA = YES;
				CLANG_WARN_CONSTANT_CONVERSION = YES;
				CLANG_WARN_DEPRECATED_OBJC_IMPLEMENTATIONS = YES;
				CLANG_WARN_DIRECT_OBJC_ISA_USAGE = YES_ERROR;
				CLANG_WARN_DOCUMENTATION_COMMENTS = YES;
				CLANG_WARN_EMPTY_BODY = YES;
				CLANG_WARN_ENUM_CONVERSION = YES;
				CLANG_WARN_INFINITE_RECURSION = YES;
				CLANG_WARN_INT_CONVERSION = YES;
				CLANG_WARN_NON_LITERAL_NULL_CONVERSION = YES;
				CLANG_WARN_OBJC_IMPLICIT_RETAIN_SELF = YES;
				CLANG_WARN_OBJC_LITERAL_CONVERSION = YES;
				CLANG_WARN_OBJC_ROOT_CLASS = YES_ERROR;
				CLANG_WARN_QUOTED_INCLUDE_IN_FRAMEWORK_HEADER = YES;
				CLANG_WARN_RANGE_LOOP_ANALYSIS = YES;
				CLANG_WARN_STRICT_PROTOTYPES = YES;
				CLANG_WARN_SUSPICIOUS_MOVE = YES;
				CLANG_WARN_UNGUARDED_AVAILABILITY = YES_AGGRESSIVE;
				CLANG_WARN_UNREACHABLE_CODE = YES;
				CLANG_WARN__DUPLICATE_METHOD_MATCH = YES;
				COPY_PHASE_STRIP = NO;
				DEBUG_INFORMATION_FORMAT = "dwarf-with-dsym";
				ENABLE_NS_ASSERTIONS = NO;
				ENABLE_STRICT_OBJC_MSGSEND = YES;
				GCC_C_LANGUAGE_STANDARD = gnu11;
				GCC_NO_COMMON_BLOCKS = YES;
				GCC_WARN_64_TO_32_BIT_CONVERSION = YES;
				GCC_WARN_ABOUT_RETURN_TYPE = YES_ERROR;
				GCC_WARN_UNDECLARED_SELECTOR = YES;
				GCC_WARN_UNINITIALIZED_AUTOS = YES_AGGRESSIVE;
				GCC_WARN_UNUSED_FUNCTION = YES;
				GCC_WARN_UNUSED_VARIABLE = YES;
				IPHONEOS_DEPLOYMENT_TARGET = 16.4;
				MTL_ENABLE_DEBUG_INFO = NO;
				MTL_FAST_MATH = YES;
				SDKROOT = iphoneos;
				SWIFT_COMPILATION_MODE = wholemodule;
				SWIFT_OPTIMIZATION_LEVEL = "-O";
				VALIDATE_PRODUCT = YES;
			};
			name = Release;
		};
		F4C058952AAE991D00C3BB7C /* Debug */ = {
			isa = XCBuildConfiguration;
			buildSettings = {
				ASSETCATALOG_COMPILER_APPICON_NAME = AppIcon;
				ASSETCATALOG_COMPILER_GLOBAL_ACCENT_COLOR_NAME = AccentColor;
				CODE_SIGN_STYLE = Automatic;
				CURRENT_PROJECT_VERSION = 1;
				DEVELOPMENT_TEAM = N54L2GS5Z3;
				GENERATE_INFOPLIST_FILE = YES;
				INFOPLIST_FILE = Unsplash/Info.plist;
				INFOPLIST_KEY_UIApplicationSupportsIndirectInputEvents = YES;
				INFOPLIST_KEY_UILaunchStoryboardName = LaunchScreen;
				INFOPLIST_KEY_UIMainStoryboardFile = Main;
				INFOPLIST_KEY_UISupportedInterfaceOrientations = UIInterfaceOrientationPortrait;
				INFOPLIST_KEY_UISupportedInterfaceOrientations_iPad = "UIInterfaceOrientationLandscapeLeft UIInterfaceOrientationLandscapeRight UIInterfaceOrientationPortrait UIInterfaceOrientationPortraitUpsideDown";
				IPHONEOS_DEPLOYMENT_TARGET = 16.0;
				LD_RUNPATH_SEARCH_PATHS = (
					"$(inherited)",
					"@executable_path/Frameworks",
				);
				MARKETING_VERSION = 1.0;
				PRODUCT_BUNDLE_IDENTIFIER = eunseo.Unsplash;
				PRODUCT_NAME = "$(TARGET_NAME)";
				SUPPORTED_PLATFORMS = "iphoneos iphonesimulator";
				SUPPORTS_MACCATALYST = NO;
				SUPPORTS_MAC_DESIGNED_FOR_IPHONE_IPAD = NO;
				SWIFT_EMIT_LOC_STRINGS = YES;
				SWIFT_VERSION = 5.0;
				TARGETED_DEVICE_FAMILY = 1;
			};
			name = Debug;
		};
		F4C058962AAE991D00C3BB7C /* Release */ = {
			isa = XCBuildConfiguration;
			buildSettings = {
				ASSETCATALOG_COMPILER_APPICON_NAME = AppIcon;
				ASSETCATALOG_COMPILER_GLOBAL_ACCENT_COLOR_NAME = AccentColor;
				CODE_SIGN_STYLE = Automatic;
				CURRENT_PROJECT_VERSION = 1;
				DEVELOPMENT_TEAM = N54L2GS5Z3;
				GENERATE_INFOPLIST_FILE = YES;
				INFOPLIST_FILE = Unsplash/Info.plist;
				INFOPLIST_KEY_UIApplicationSupportsIndirectInputEvents = YES;
				INFOPLIST_KEY_UILaunchStoryboardName = LaunchScreen;
				INFOPLIST_KEY_UIMainStoryboardFile = Main;
				INFOPLIST_KEY_UISupportedInterfaceOrientations = UIInterfaceOrientationPortrait;
				INFOPLIST_KEY_UISupportedInterfaceOrientations_iPad = "UIInterfaceOrientationLandscapeLeft UIInterfaceOrientationLandscapeRight UIInterfaceOrientationPortrait UIInterfaceOrientationPortraitUpsideDown";
				IPHONEOS_DEPLOYMENT_TARGET = 16.0;
				LD_RUNPATH_SEARCH_PATHS = (
					"$(inherited)",
					"@executable_path/Frameworks",
				);
				MARKETING_VERSION = 1.0;
				PRODUCT_BUNDLE_IDENTIFIER = eunseo.Unsplash;
				PRODUCT_NAME = "$(TARGET_NAME)";
				SUPPORTED_PLATFORMS = "iphoneos iphonesimulator";
				SUPPORTS_MACCATALYST = NO;
				SUPPORTS_MAC_DESIGNED_FOR_IPHONE_IPAD = NO;
				SWIFT_EMIT_LOC_STRINGS = YES;
				SWIFT_VERSION = 5.0;
				TARGETED_DEVICE_FAMILY = 1;
			};
			name = Release;
		};
/* End XCBuildConfiguration section */

/* Begin XCConfigurationList section */
		F4C0587B2AAE991D00C3BB7C /* Build configuration list for PBXProject "Unsplash" */ = {
			isa = XCConfigurationList;
			buildConfigurations = (
				F4C058922AAE991D00C3BB7C /* Debug */,
				F4C058932AAE991D00C3BB7C /* Release */,
			);
			defaultConfigurationIsVisible = 0;
			defaultConfigurationName = Release;
		};
		F4C058942AAE991D00C3BB7C /* Build configuration list for PBXNativeTarget "Unsplash" */ = {
			isa = XCConfigurationList;
			buildConfigurations = (
				F4C058952AAE991D00C3BB7C /* Debug */,
				F4C058962AAE991D00C3BB7C /* Release */,
			);
			defaultConfigurationIsVisible = 0;
			defaultConfigurationName = Release;
		};
/* End XCConfigurationList section */

/* Begin XCRemoteSwiftPackageReference section */
		F49A84812AB1FC8B00B89579 /* XCRemoteSwiftPackageReference "Alamofire" */ = {
			isa = XCRemoteSwiftPackageReference;
			repositoryURL = "https://github.com/Alamofire/Alamofire.git";
			requirement = {
				kind = upToNextMajorVersion;
				minimumVersion = 5.0.0;
			};
		};
/* End XCRemoteSwiftPackageReference section */

/* Begin XCSwiftPackageProductDependency section */
		F49A84822AB1FC8B00B89579 /* Alamofire */ = {
			isa = XCSwiftPackageProductDependency;
			package = F49A84812AB1FC8B00B89579 /* XCRemoteSwiftPackageReference "Alamofire" */;
			productName = Alamofire;
		};
/* End XCSwiftPackageProductDependency section */
	};
	rootObject = F4C058782AAE991D00C3BB7C /* Project object */;
}
